
Microsoft Visual Studio Solution File, Format Version 12.00
# Visual Studio Version 17
VisualStudioVersion = 17.3.32901.215
MinimumVisualStudioVersion = 10.0.40219.1
Project("{FAE04EC0-301F-11D3-BF4B-00C04F79EFBC}") = "ConsoleApp", "ConsoleApp\ConsoleApp.csproj", "{BB5A9E30-951C-4934-9C96-1CBBDCDD10BA}"
EndProject
Global
	GlobalSection(SolutionConfigurationPlatforms) = preSolution
		Debug|Any CPU = Debug|Any CPU
		Release|Any CPU = Release|Any CPU
	EndGlobalSection
	GlobalSection(ProjectConfigurationPlatforms) = postSolution
		{BB5A9E30-951C-4934-9C96-1CBBDCDD10BA}.Debug|Any CPU.ActiveCfg = Debug|Any CPU
		{BB5A9E30-951C-4934-9C96-1CBBDCDD10BA}.Debug|Any CPU.Build.0 = Debug|Any CPU
		{BB5A9E30-951C-4934-9C96-1CBBDCDD10BA}.Release|Any CPU.ActiveCfg = Release|Any CPU
		{BB5A9E30-951C-4934-9C96-1CBBDCDD10BA}.Release|Any CPU.Build.0 = Release|Any CPU
	EndGlobalSection
	GlobalSection(SolutionProperties) = preSolution
		HideSolutionNode = FALSE
	EndGlobalSection
	GlobalSection(ExtensibilityGlobals) = postSolution
		SolutionGuid = {CDDC65F4-9FF6-4549-AAEB-80C26C201070}
	EndGlobalSection
EndGlobal
